
Microsoft Visual Studio Solution File, Format Version 12.00
# Visual Studio Version 16
VisualStudioVersion = 16.0.29102.190
MinimumVisualStudioVersion = 10.0.40219.1
Project("{FAE04EC0-301F-11D3-BF4B-00C04F79EFBC}") = "BinaryHeap", "BinaryHeap\BinaryHeap.csproj", "{390F2A25-26DF-4013-9BC7-005A418378C2}"
EndProject
Global
	GlobalSection(SolutionConfigurationPlatforms) = preSolution
		Debug|Any CPU = Debug|Any CPU
		Release|Any CPU = Release|Any CPU
	EndGlobalSection
	GlobalSection(ProjectConfigurationPlatforms) = postSolution
		{390F2A25-26DF-4013-9BC7-005A418378C2}.Debug|Any CPU.ActiveCfg = Debug|Any CPU
		{390F2A25-26DF-4013-9BC7-005A418378C2}.Debug|Any CPU.Build.0 = Debug|Any CPU
		{390F2A25-26DF-4013-9BC7-005A418378C2}.Release|Any CPU.ActiveCfg = Release|Any CPU
		{390F2A25-26DF-4013-9BC7-005A418378C2}.Release|Any CPU.Build.0 = Release|Any CPU
	EndGlobalSection
	GlobalSection(SolutionProperties) = preSolution
		HideSolutionNode = FALSE
	EndGlobalSection
	GlobalSection(ExtensibilityGlobals) = postSolution
		SolutionGuid = {0E4C4A27-F153-490C-AD33-54F79E8F8C98}
	EndGlobalSection
EndGlobal
